<?xml version="1.0" encoding="utf-8"?>
<Project ToolsVersion="4.0" xmlns="http://schemas.microsoft.com/developer/msbuild/2003">
  <ItemGroup>
    <Filter Include="Source Files">
      <UniqueIdentifier>{a935a7cd-4ca0-4a85-883d-7fd7a6189f26}</UniqueIdentifier>
      <Extensions>cpp;c;cxx;rc;def;r;odl;idl;hpj;bat</Extensions>
    </Filter>
    <Filter Include="Header Files">
      <UniqueIdentifier>{0366d097-e830-493e-a2e1-483d260f804e}</UniqueIdentifier>
      <Extensions>h;hpp;hxx;hm;inl</Extensions>
    </Filter>
    <Filter Include="Resource Files">
      <UniqueIdentifier>{bae87594-ab90-4a81-a374-aa71b2997038}</UniqueIdentifier>
      <Extensions>ico;cur;bmp;dlg;rc2;rct;bin;rgs;gif;jpg;jpeg;jpe</Extensions>
    </Filter>
  </ItemGroup>
  <ItemGroup>
    <ClCompile Include="AcadComp.cpp">
      <Filter>Source Files</Filter>
    </ClCompile>
    <ClCompile Include="AcadCompCommands.cpp">
      <Filter>Source Files</Filter>
    </ClCompile>
    <ClCompile Include="ACCMap.cpp">
      <Filter>Source Files</Filter>
    </ClCompile>
    <ClCompile Include="ACCommandReactor.cpp">
      <Filter>Source Files</Filter>
    </ClCompile>
    <ClCompile Include="ACCompBase.cpp">
      <Filter>Source Files</Filter>
    </ClCompile>
    <ClCompile Include="ACCompEntitiesGeom.cpp">
      <Filter>Source Files</Filter>
    </ClCompile>
    <ClCompile Include="ACCompRect.cpp">
      <Filter>Source Files</Filter>
    </ClCompile>
    <ClCompile Include="AcConvertColor.cpp">
      <Filter>Source Files</Filter>
    </ClCompile>
    <ClCompile Include="ACConvertName.cpp">
      <Filter>Source Files</Filter>
    </ClCompile>
    <ClCompile Include="ACDatabaseUtility.cpp">
      <Filter>Source Files</Filter>
    </ClCompile>
    <ClCompile Include="ACDbSysVar.cpp">
      <Filter>Source Files</Filter>
    </ClCompile>
    <ClCompile Include="ACDocManager.cpp">
      <Filter>Source Files</Filter>
    </ClCompile>
    <ClCompile Include="ACEntityInfo.cpp">
      <Filter>Source Files</Filter>
    </ClCompile>
    <ClCompile Include="ACErrorInfo.cpp">
      <Filter>Source Files</Filter>
    </ClCompile>
    <ClCompile Include="ACFinally.cpp">
      <Filter>Source Files</Filter>
    </ClCompile>
    <ClCompile Include="ACProfileManager.cpp">
      <Filter>Source Files</Filter>
    </ClCompile>
    <ClCompile Include="ACRetType.cpp">
      <Filter>Source Files</Filter>
    </ClCompile>
    <ClCompile Include="ACSort.cpp">
      <Filter>Source Files</Filter>
    </ClCompile>
    <ClCompile Include="ACString.cpp">
      <Filter>Source Files</Filter>
    </ClCompile>
    <ClCompile Include="ACToggleResultDisp.cpp">
      <Filter>Source Files</Filter>
    </ClCompile>
    <ClCompile Include="ACUIManager.cpp">
      <Filter>Source Files</Filter>
    </ClCompile>
    <ClCompile Include="CheckLisence.cpp">
      <Filter>Source Files</Filter>
    </ClCompile>
    <ClCompile Include="DialogCompDwg.cpp">
      <Filter>Source Files</Filter>
    </ClCompile>
    <ClCompile Include="DialogSetting.cpp">
      <Filter>Source Files</Filter>
    </ClCompile>
    <ClCompile Include="DocData.cpp">
      <Filter>Source Files</Filter>
    </ClCompile>
    <ClCompile Include="InfoDwgEntity.cpp">
      <Filter>Source Files</Filter>
    </ClCompile>
    <ClCompile Include="LayoutBlkRecMap3.cpp">
      <Filter>Source Files</Filter>
    </ClCompile>
    <ClCompile Include="ListGrid.cpp">
      <Filter>Source Files</Filter>
    </ClCompile>
    <ClCompile Include="LVSortInfo.cpp">
      <Filter>Source Files</Filter>
    </ClCompile>
    <ClCompile Include="ResultCompEntity.cpp">
      <Filter>Source Files</Filter>
    </ClCompile>
    <ClCompile Include="rxdebug.cpp">
      <Filter>Source Files</Filter>
    </ClCompile>
    <ClCompile Include="StdAfx.cpp">
      <Filter>Source Files</Filter>
    </ClCompile>
    <ClCompile Include="zfcComparetor.cpp">
      <Filter>Source Files</Filter>
    </ClCompile>
    <ClCompile Include="zfcUtility.cpp">
      <Filter>Source Files</Filter>
    </ClCompile>
    <ClCompile Include="zfcLogger.cpp">
      <Filter>Source Files</Filter>
    </ClCompile>
    <ClCompile Include="zfcCommand.cpp">
      <Filter>Source Files</Filter>
    </ClCompile>
    <ClCompile Include="zfcCmdCompareDwgInFolder.cpp">
      <Filter>Source Files</Filter>
    </ClCompile>
    <ClCompile Include="zfcDlgSelectFolder.cpp">
      <Filter>Source Files</Filter>
    </ClCompile>
  </ItemGroup>
  <ItemGroup>
    <None Include="AcadComp.def">
      <Filter>Source Files</Filter>
    </None>
    <None Include="res\AcadComp.rc2">
      <Filter>Resource Files</Filter>
    </None>
    <None Include="res_equal.ico">
      <Filter>Resource Files</Filter>
    </None>
    <None Include="res_not_equal.ico">
      <Filter>Resource Files</Filter>
    </None>
    <None Include="res_only1.ico">
      <Filter>Resource Files</Filter>
    </None>
    <None Include="res_only2.ico">
      <Filter>Resource Files</Filter>
    </None>
    <None Include="ObjectARX.prj" />
  </ItemGroup>
  <ItemGroup>
    <ResourceCompile Include="AcadComp.rc">
      <Filter>Source Files</Filter>
    </ResourceCompile>
  </ItemGroup>
  <ItemGroup>
    <ClInclude Include="ACCMap.h">
      <Filter>Header Files</Filter>
    </ClInclude>
    <ClInclude Include="ACCommandReactor.h">
      <Filter>Header Files</Filter>
    </ClInclude>
    <ClInclude Include="ACCompBase.h">
      <Filter>Header Files</Filter>
    </ClInclude>
    <ClInclude Include="ACCompEntitiesGeom.h">
      <Filter>Header Files</Filter>
    </ClInclude>
    <ClInclude Include="ACCompRect.h">
      <Filter>Header Files</Filter>
    </ClInclude>
    <ClInclude Include="AcConvertColor.h">
      <Filter>Header Files</Filter>
    </ClInclude>
    <ClInclude Include="ACConvertName.h">
      <Filter>Header Files</Filter>
    </ClInclude>
    <ClInclude Include="ACDatabaseUtility.h">
      <Filter>Header Files</Filter>
    </ClInclude>
    <ClInclude Include="ACDbSysVar.h">
      <Filter>Header Files</Filter>
    </ClInclude>
    <ClInclude Include="ACDocManager.h">
      <Filter>Header Files</Filter>
    </ClInclude>
    <ClInclude Include="ACEntityInfo.h">
      <Filter>Header Files</Filter>
    </ClInclude>
    <ClInclude Include="ACErrorInfo.h">
      <Filter>Header Files</Filter>
    </ClInclude>
    <ClInclude Include="ACFinally.h">
      <Filter>Header Files</Filter>
    </ClInclude>
    <ClInclude Include="ACProfileManager.h">
      <Filter>Header Files</Filter>
    </ClInclude>
    <ClInclude Include="ACRetType.h">
      <Filter>Header Files</Filter>
    </ClInclude>
    <ClInclude Include="ACSort.h">
      <Filter>Header Files</Filter>
    </ClInclude>
    <ClInclude Include="ACString.h">
      <Filter>Header Files</Filter>
    </ClInclude>
    <ClInclude Include="ACToggleResultDisp.h">
      <Filter>Header Files</Filter>
    </ClInclude>
    <ClInclude Include="ACUIManager.h">
      <Filter>Header Files</Filter>
    </ClInclude>
    <ClInclude Include="AdskDMgr.h">
      <Filter>Header Files</Filter>
    </ClInclude>
    <ClInclude Include="CheckLisence.h">
      <Filter>Header Files</Filter>
    </ClInclude>
    <ClInclude Include="DialogCompDwg.h">
      <Filter>Header Files</Filter>
    </ClInclude>
    <ClInclude Include="DialogSetting.h">
      <Filter>Header Files</Filter>
    </ClInclude>
    <ClInclude Include="DocData.h">
      <Filter>Header Files</Filter>
    </ClInclude>
    <ClInclude Include="InfoDwgEntity.h">
      <Filter>Header Files</Filter>
    </ClInclude>
    <ClInclude Include="LayoutBlkRecMap3.h">
      <Filter>Header Files</Filter>
    </ClInclude>
    <ClInclude Include="ListGrid.h">
      <Filter>Header Files</Filter>
    </ClInclude>
    <ClInclude Include="LVSortInfo.h">
      <Filter>Header Files</Filter>
    </ClInclude>
    <ClInclude Include="Resource.h">
      <Filter>Header Files</Filter>
    </ClInclude>
    <ClInclude Include="ResultCompEntity.h">
      <Filter>Header Files</Filter>
    </ClInclude>
    <ClInclude Include="rxdebug.h">
      <Filter>Header Files</Filter>
    </ClInclude>
    <ClInclude Include="StdAfx.h">
      <Filter>Header Files</Filter>
    </ClInclude>
    <ClInclude Include="StdArx.h">
      <Filter>Header Files</Filter>
    </ClInclude>
    <ClInclude Include="zfcComparetor.h">
      <Filter>Header Files</Filter>
    </ClInclude>
    <ClInclude Include="zfcUtility.h">
      <Filter>Header Files</Filter>
    </ClInclude>
    <ClInclude Include="zfcTypeDef.h">
      <Filter>Header Files</Filter>
    </ClInclude>
    <ClInclude Include="StdZfc.h">
      <Filter>Header Files</Filter>
    </ClInclude>
    <ClInclude Include="zfcLogger.h">
      <Filter>Header Files</Filter>
    </ClInclude>
    <ClInclude Include="zfcCommand.h">
      <Filter>Header Files</Filter>
    </ClInclude>
    <ClInclude Include="zfcCmdCompareDwgInFolder.h">
      <Filter>Header Files</Filter>
    </ClInclude>
    <ClInclude Include="zfcDlgSelectFolder.h">
      <Filter>Header Files</Filter>
    </ClInclude>
  </ItemGroup>
</Project>